
Microsoft Visual Studio Solution File, Format Version 12.00
# Visual Studio Version 17
VisualStudioVersion = 17.9.34728.123
MinimumVisualStudioVersion = 10.0.40219.1
Project("{9A19103F-16F7-4668-BE54-9A1E7A4F7556}") = "MPowerKit.VirtualizeListView", "MPowerKit.VirtualizeListView\MPowerKit.VirtualizeListView.csproj", "{AAE159EC-EB46-4AE3-A698-3DC2D338310E}"
EndProject
Project("{FAE04EC0-301F-11D3-BF4B-00C04F79EFBC}") = "Sample", "Sample\Sample.csproj", "{C99B9779-0B2A-44C5-91A0-39C6605A69D7}"
EndProject
Global
	GlobalSection(SolutionConfigurationPlatforms) = preSolution
		Debug|Any CPU = Debug|Any CPU
		Release|Any CPU = Release|Any CPU
	EndGlobalSection
	GlobalSection(ProjectConfigurationPlatforms) = postSolution
		{AAE159EC-EB46-4AE3-A698-3DC2D338310E}.Debug|Any CPU.ActiveCfg = Debug|Any CPU
		{AAE159EC-EB46-4AE3-A698-3DC2D338310E}.Debug|Any CPU.Build.0 = Debug|Any CPU
		{AAE159EC-EB46-4AE3-A698-3DC2D338310E}.Release|Any CPU.ActiveCfg = Release|Any CPU
		{AAE159EC-EB46-4AE3-A698-3DC2D338310E}.Release|Any CPU.Build.0 = Release|Any CPU
		{C99B9779-0B2A-44C5-91A0-39C6605A69D7}.Debug|Any CPU.ActiveCfg = Debug|Any CPU
		{C99B9779-0B2A-44C5-91A0-39C6605A69D7}.Debug|Any CPU.Build.0 = Debug|Any CPU
		{C99B9779-0B2A-44C5-91A0-39C6605A69D7}.Debug|Any CPU.Deploy.0 = Debug|Any CPU
		{C99B9779-0B2A-44C5-91A0-39C6605A69D7}.Release|Any CPU.ActiveCfg = Release|Any CPU
		{C99B9779-0B2A-44C5-91A0-39C6605A69D7}.Release|Any CPU.Build.0 = Release|Any CPU
		{C99B9779-0B2A-44C5-91A0-39C6605A69D7}.Release|Any CPU.Deploy.0 = Release|Any CPU
	EndGlobalSection
	GlobalSection(SolutionProperties) = preSolution
		HideSolutionNode = FALSE
	EndGlobalSection
	GlobalSection(ExtensibilityGlobals) = postSolution
		SolutionGuid = {E41911CF-A498-4D89-8B34-49D20930E571}
	EndGlobalSection
EndGlobal
